
Microsoft Visual Studio Solution File, Format Version 12.00
# Visual Studio 15
VisualStudioVersion = 15.0.28307.136
MinimumVisualStudioVersion = 10.0.40219.1
Project("{8BC9CEB8-8B4A-11D0-8D11-00A0C91BC942}") = "group36_ex4_client", "group36_ex4_client\group36_ex4_client.vcxproj", "{01B6E7C5-42B9-4862-B386-71FA89D93E9E}"
EndProject
Project("{8BC9CEB8-8B4A-11D0-8D11-00A0C91BC942}") = "group36_ex4_server", "group36_ex4_server\group36_ex4_server.vcxproj", "{7D7468C1-D464-4290-BEA1-2A25EA9474E9}"
EndProject
Global
	GlobalSection(SolutionConfigurationPlatforms) = preSolution
		Debug|x64 = Debug|x64
		Debug|x86 = Debug|x86
		Release|x64 = Release|x64
		Release|x86 = Release|x86
	EndGlobalSection
	GlobalSection(ProjectConfigurationPlatforms) = postSolution
		{01B6E7C5-42B9-4862-B386-71FA89D93E9E}.Debug|x64.ActiveCfg = Debug|x64
		{01B6E7C5-42B9-4862-B386-71FA89D93E9E}.Debug|x64.Build.0 = Debug|x64
		{01B6E7C5-42B9-4862-B386-71FA89D93E9E}.Debug|x86.ActiveCfg = Debug|Win32
		{01B6E7C5-42B9-4862-B386-71FA89D93E9E}.Debug|x86.Build.0 = Debug|Win32
		{01B6E7C5-42B9-4862-B386-71FA89D93E9E}.Release|x64.ActiveCfg = Release|x64
		{01B6E7C5-42B9-4862-B386-71FA89D93E9E}.Release|x64.Build.0 = Release|x64
		{01B6E7C5-42B9-4862-B386-71FA89D93E9E}.Release|x86.ActiveCfg = Release|Win32
		{01B6E7C5-42B9-4862-B386-71FA89D93E9E}.Release|x86.Build.0 = Release|Win32
		{7D7468C1-D464-4290-BEA1-2A25EA9474E9}.Debug|x64.ActiveCfg = Debug|x64
		{7D7468C1-D464-4290-BEA1-2A25EA9474E9}.Debug|x64.Build.0 = Debug|x64
		{7D7468C1-D464-4290-BEA1-2A25EA9474E9}.Debug|x86.ActiveCfg = Debug|Win32
		{7D7468C1-D464-4290-BEA1-2A25EA9474E9}.Debug|x86.Build.0 = Debug|Win32
		{7D7468C1-D464-4290-BEA1-2A25EA9474E9}.Release|x64.ActiveCfg = Release|x64
		{7D7468C1-D464-4290-BEA1-2A25EA9474E9}.Release|x64.Build.0 = Release|x64
		{7D7468C1-D464-4290-BEA1-2A25EA9474E9}.Release|x86.ActiveCfg = Release|Win32
		{7D7468C1-D464-4290-BEA1-2A25EA9474E9}.Release|x86.Build.0 = Release|Win32
	EndGlobalSection
	GlobalSection(SolutionProperties) = preSolution
		HideSolutionNode = FALSE
	EndGlobalSection
	GlobalSection(ExtensibilityGlobals) = postSolution
		SolutionGuid = {63D5A7B7-09FF-41E2-8D8A-2D2820BC44C3}
	EndGlobalSection
EndGlobal
